
Microsoft Visual Studio Solution File, Format Version 12.00
# Visual Studio Version 17
VisualStudioVersion = 17.7.34302.85
MinimumVisualStudioVersion = 10.0.40219.1
Project("{FAE04EC0-301F-11D3-BF4B-00C04F79EFBC}") = "HotelMan_HotelAdmin", "HotelMan_HotelAdmin\HotelMan_HotelAdmin.csproj", "{17224A26-213C-4EE4-939C-CF92A2DAC197}"
EndProject
Global
	GlobalSection(SolutionConfigurationPlatforms) = preSolution
		Debug|Any CPU = Debug|Any CPU
		Release|Any CPU = Release|Any CPU
	EndGlobalSection
	GlobalSection(ProjectConfigurationPlatforms) = postSolution
		{17224A26-213C-4EE4-939C-CF92A2DAC197}.Debug|Any CPU.ActiveCfg = Debug|Any CPU
		{17224A26-213C-4EE4-939C-CF92A2DAC197}.Debug|Any CPU.Build.0 = Debug|Any CPU
		{17224A26-213C-4EE4-939C-CF92A2DAC197}.Release|Any CPU.ActiveCfg = Release|Any CPU
		{17224A26-213C-4EE4-939C-CF92A2DAC197}.Release|Any CPU.Build.0 = Release|Any CPU
	EndGlobalSection
	GlobalSection(SolutionProperties) = preSolution
		HideSolutionNode = FALSE
	EndGlobalSection
	GlobalSection(ExtensibilityGlobals) = postSolution
		SolutionGuid = {08030960-38DB-40DF-96E7-FD57BA2EA4A0}
	EndGlobalSection
EndGlobal
